
Microsoft Visual Studio Solution File, Format Version 12.00
# Visual Studio Version 17
VisualStudioVersion = 17.13.35825.156 d17.13
MinimumVisualStudioVersion = 10.0.40219.1
Project("{FAE04EC0-301F-11D3-BF4B-00C04F79EFBC}") = "BLL", "BLL\BLL.csproj", "{4724436D-A5B7-45BB-99EC-5CB157C0351E}"
EndProject
Project("{FAE04EC0-301F-11D3-BF4B-00C04F79EFBC}") = "DAL", "DAL\DAL.csproj", "{1BEA8C01-588C-4A29-8CEB-0A13B8321845}"
EndProject
Project("{FAE04EC0-301F-11D3-BF4B-00C04F79EFBC}") = "Application", "Application\Application.csproj", "{5170DEE4-3892-4075-B2F1-43B3FF6005D4}"
EndProject
Global
	GlobalSection(SolutionConfigurationPlatforms) = preSolution
		Debug|Any CPU = Debug|Any CPU
		Release|Any CPU = Release|Any CPU
	EndGlobalSection
	GlobalSection(ProjectConfigurationPlatforms) = postSolution
		{4724436D-A5B7-45BB-99EC-5CB157C0351E}.Debug|Any CPU.ActiveCfg = Debug|Any CPU
		{4724436D-A5B7-45BB-99EC-5CB157C0351E}.Debug|Any CPU.Build.0 = Debug|Any CPU
		{4724436D-A5B7-45BB-99EC-5CB157C0351E}.Release|Any CPU.ActiveCfg = Release|Any CPU
		{4724436D-A5B7-45BB-99EC-5CB157C0351E}.Release|Any CPU.Build.0 = Release|Any CPU
		{1BEA8C01-588C-4A29-8CEB-0A13B8321845}.Debug|Any CPU.ActiveCfg = Debug|Any CPU
		{1BEA8C01-588C-4A29-8CEB-0A13B8321845}.Debug|Any CPU.Build.0 = Debug|Any CPU
		{1BEA8C01-588C-4A29-8CEB-0A13B8321845}.Release|Any CPU.ActiveCfg = Release|Any CPU
		{1BEA8C01-588C-4A29-8CEB-0A13B8321845}.Release|Any CPU.Build.0 = Release|Any CPU
		{5170DEE4-3892-4075-B2F1-43B3FF6005D4}.Debug|Any CPU.ActiveCfg = Debug|Any CPU
		{5170DEE4-3892-4075-B2F1-43B3FF6005D4}.Debug|Any CPU.Build.0 = Debug|Any CPU
		{5170DEE4-3892-4075-B2F1-43B3FF6005D4}.Release|Any CPU.ActiveCfg = Release|Any CPU
		{5170DEE4-3892-4075-B2F1-43B3FF6005D4}.Release|Any CPU.Build.0 = Release|Any CPU
	EndGlobalSection
	GlobalSection(SolutionProperties) = preSolution
		HideSolutionNode = FALSE
	EndGlobalSection
	GlobalSection(ExtensibilityGlobals) = postSolution
		SolutionGuid = {8EC82BCC-A9A0-475D-B9C1-DDB8B5351E2F}
	EndGlobalSection
EndGlobal
